<?xml version="1.0" encoding="utf-8"?>
<Project ToolsVersion="4.0" xmlns="http://schemas.microsoft.com/developer/msbuild/2003">
  <ItemGroup>
    <Filter Include="源文件">
      <UniqueIdentifier>{4FC737F1-C7A5-4376-A066-2A32D752A2FF}</UniqueIdentifier>
      <Extensions>cpp;c;cc;cxx;def;odl;idl;hpj;bat;asm;asmx</Extensions>
    </Filter>
    <Filter Include="头文件">
      <UniqueIdentifier>{93995380-89BD-4b04-88EB-625FBE52EBFB}</UniqueIdentifier>
      <Extensions>h;hh;hpp;hxx;hm;inl;inc;xsd</Extensions>
    </Filter>
    <Filter Include="资源文件">
      <UniqueIdentifier>{67DA6AB6-F800-4c08-8B7A-83BB121AAD01}</UniqueIdentifier>
      <Extensions>rc;ico;cur;bmp;dlg;rc2;rct;bin;rgs;gif;jpg;jpeg;jpe;resx;tiff;tif;png;wav;mfcribbon-ms</Extensions>
    </Filter>
    <Filter Include="头文件\json">
      <UniqueIdentifier>{9e65e9c0-b693-4579-8314-4a10cb6c393e}</UniqueIdentifier>
    </Filter>
    <Filter Include="源文件\json">
      <UniqueIdentifier>{0fc957e7-0564-4c55-8ba7-d1ef8713c549}</UniqueIdentifier>
    </Filter>
    <Filter Include="img">
      <UniqueIdentifier>{a292b438-8906-47ad-bf7e-5d614a835d9a}</UniqueIdentifier>
    </Filter>
  </ItemGroup>
  <ItemGroup>
    <ClInclude Include="Card.h">
      <Filter>头文件</Filter>
    </ClInclude>
    <ClInclude Include="Campus_Card.h">
      <Filter>头文件</Filter>
    </ClInclude>
    <ClInclude Include="Deposit_Card.h">
      <Filter>头文件</Filter>
    </ClInclude>
    <ClInclude Include="Binding_Card.h">
      <Filter>头文件</Filter>
    </ClInclude>
    <ClInclude Include="System.h">
      <Filter>头文件</Filter>
    </ClInclude>
    <ClInclude Include="json\json.h">
      <Filter>头文件\json</Filter>
    </ClInclude>
    <ClInclude Include="json\json-forwards.h">
      <Filter>头文件\json</Filter>
    </ClInclude>
    <ClInclude Include="System_Admin.h">
      <Filter>头文件</Filter>
    </ClInclude>
    <ClInclude Include="System_User.h">
      <Filter>头文件</Filter>
    </ClInclude>
  </ItemGroup>
  <ItemGroup>
    <ClCompile Include="Card.cpp">
      <Filter>源文件</Filter>
    </ClCompile>
    <ClCompile Include="Camplus_Card.cpp">
      <Filter>源文件</Filter>
    </ClCompile>
    <ClCompile Include="main.cpp">
      <Filter>源文件</Filter>
    </ClCompile>
    <ClCompile Include="Deposit_Card.cpp">
      <Filter>源文件</Filter>
    </ClCompile>
    <ClCompile Include="Binding_Card.cpp">
      <Filter>源文件</Filter>
    </ClCompile>
    <ClCompile Include="System.cpp">
      <Filter>源文件</Filter>
    </ClCompile>
    <ClCompile Include="jsoncpp.cpp">
      <Filter>源文件\json</Filter>
    </ClCompile>
    <ClCompile Include="System_Admin.cpp">
      <Filter>源文件</Filter>
    </ClCompile>
    <ClCompile Include="System_User.cpp">
      <Filter>源文件</Filter>
    </ClCompile>
  </ItemGroup>
  <ItemGroup>
    <None Include="ReadMe.md">
      <Filter>源文件</Filter>
    </None>
    <None Include="ClassDiagram.cd" />
  </ItemGroup>
  <ItemGroup>
    <Image Include="img\出错提示01.png">
      <Filter>img</Filter>
    </Image>
    <Image Include="img\出错提示02.png">
      <Filter>img</Filter>
    </Image>
    <Image Include="img\管理员查看所有卡信息.png">
      <Filter>img</Filter>
    </Image>
    <Image Include="img\用户界面.png">
      <Filter>img</Filter>
    </Image>
  </ItemGroup>
</Project>